
Microsoft Visual Studio Solution File, Format Version 12.00
# Visual Studio Version 16
VisualStudioVersion = 16.0.32802.440
MinimumVisualStudioVersion = 10.0.40219.1
Project("{FAE04EC0-301F-11D3-BF4B-00C04F79EFBC}") = "Actividad1", "Actividad1\Actividad1.csproj", "{9E92DE33-3045-44B9-BBA8-F569BA5DD3EF}"
EndProject
Global
	GlobalSection(SolutionConfigurationPlatforms) = preSolution
		Debug|Any CPU = Debug|Any CPU
		Release|Any CPU = Release|Any CPU
	EndGlobalSection
	GlobalSection(ProjectConfigurationPlatforms) = postSolution
		{9E92DE33-3045-44B9-BBA8-F569BA5DD3EF}.Debug|Any CPU.ActiveCfg = Debug|Any CPU
		{9E92DE33-3045-44B9-BBA8-F569BA5DD3EF}.Debug|Any CPU.Build.0 = Debug|Any CPU
		{9E92DE33-3045-44B9-BBA8-F569BA5DD3EF}.Release|Any CPU.ActiveCfg = Release|Any CPU
		{9E92DE33-3045-44B9-BBA8-F569BA5DD3EF}.Release|Any CPU.Build.0 = Release|Any CPU
	EndGlobalSection
	GlobalSection(SolutionProperties) = preSolution
		HideSolutionNode = FALSE
	EndGlobalSection
	GlobalSection(ExtensibilityGlobals) = postSolution
		SolutionGuid = {D364E4F6-98F5-46FE-9CC4-1D963571D8F6}
	EndGlobalSection
EndGlobal
